{
  "name": "portfolio",
  "version": "1.0.0",
  "lockfileVersion": 1,
  "requires": true,
  "dependencies": {
    "@types/node": {
      "version": "15.6.1",
      "resolved": "https://registry.npmjs.org/@types/node/-/node-15.6.1.tgz",
      "integrity": "sha512-7EIraBEyRHEe7CH+Fm1XvgqU6uwZN8Q7jppJGcqjROMT29qhAuuOxYB1uEY5UMYQKEmA5D+5tBnhdaPXSsLONA=="
    },
    "@types/sax": {
      "version": "1.2.1",
      "resolved": "https://registry.npmjs.org/@types/sax/-/sax-1.2.1.tgz",
      "integrity": "sha512-dqYdvN7Sbw8QT/0Ci5rhjE4/iCMJEM0Y9rHpCu+gGXD9Lwbz28t6HI2yegsB6BoV1sShRMU6lAmAcgRjmFy7LA==",
      "requires": {
        "@types/node": "*"
      }
    },
    "arg": {
      "version": "5.0.0",
      "resolved": "https://registry.npmjs.org/arg/-/arg-5.0.0.tgz",
      "integrity": "sha512-4P8Zm2H+BRS+c/xX1LrHw0qKpEhdlZjLCgWy+d78T9vqa2Z2SiD2wMrYuWIAFy5IZUD7nnNXroRttz+0RzlrzQ=="
    },
    "sax": {
      "version": "1.2.4",
      "resolved": "https://registry.npmjs.org/sax/-/sax-1.2.4.tgz",
      "integrity": "sha512-NqVDv9TpANUjFm0N8uM5GxL36UgKi9/atZw+x7YFnQ8ckwFGKrl4xX4yWtrey3UJm5nP1kUbnYgLopqWNSRhWw=="
    },
    "sitemap": {
      "version": "7.0.0",
      "resolved": "https://registry.npmjs.org/sitemap/-/sitemap-7.0.0.tgz",
      "integrity": "sha512-Ud0jrRQO2k7fEtPAM+cQkBKoMvxQyPKNXKDLn8tRVHxRCsdDQ2JZvw+aZ5IRYYQVAV9iGxEar6boTwZzev+x3g==",
      "requires": {
        "@types/node": "^15.0.1",
        "@types/sax": "^1.2.1",
        "arg": "^5.0.0",
        "sax": "^1.2.4"
      }
    }
  }
}
